
Microsoft Visual Studio Solution File, Format Version 12.00
# Visual Studio 14
VisualStudioVersion = 14.0.22823.1
MinimumVisualStudioVersion = 10.0.40219.1
Project("{FAE04EC0-301F-11D3-BF4B-00C04F79EFBC}") = "Else", "Else\Else.csproj", "{F6E71369-0AC1-4921-BAE6-88BF451155BC}"
	ProjectSection(ProjectDependencies) = postProject
		{2968A004-94CF-4224-B3AA-864EDD7274EE} = {2968A004-94CF-4224-B3AA-864EDD7274EE}
		{B531151D-A1B9-48AD-B731-91E150D5DF71} = {B531151D-A1B9-48AD-B731-91E150D5DF71}
		{6027C021-FBCE-4DB8-9A0C-9F00EF97CD07} = {6027C021-FBCE-4DB8-9A0C-9F00EF97CD07}
		{D146CDCB-6E2B-4E2B-A0AF-437AAC661A53} = {D146CDCB-6E2B-4E2B-A0AF-437AAC661A53}
		{C53D05D2-80FB-4946-A825-F106EFF1A442} = {C53D05D2-80FB-4946-A825-F106EFF1A442}
	EndProjectSection
EndProject
Project("{FAE04EC0-301F-11D3-BF4B-00C04F79EFBC}") = "Else.Extensibility", "Else.Extensibility\Else.Extensibility.csproj", "{76AB3B71-AA48-4F3B-8CF5-025972D95D44}"
EndProject
Project("{FAE04EC0-301F-11D3-BF4B-00C04F79EFBC}") = "Plugin.Web", "Else.Plugins.Web\Plugin.Web.csproj", "{2968A004-94CF-4224-B3AA-864EDD7274EE}"
EndProject
Project("{FAE04EC0-301F-11D3-BF4B-00C04F79EFBC}") = "Plugin.FileSystem", "Else.Plugins.FileSystem\Plugin.FileSystem.csproj", "{C53D05D2-80FB-4946-A825-F106EFF1A442}"
EndProject
Project("{FAE04EC0-301F-11D3-BF4B-00C04F79EFBC}") = "Plugin.Math", "Else.Plugins.Math\Plugin.Math.csproj", "{B531151D-A1B9-48AD-B731-91E150D5DF71}"
EndProject
Project("{FAE04EC0-301F-11D3-BF4B-00C04F79EFBC}") = "Plugin.Programs", "Else.Plugins.Programs\Plugin.Programs.csproj", "{D146CDCB-6E2B-4E2B-A0AF-437AAC661A53}"
EndProject
Project("{FAE04EC0-301F-11D3-BF4B-00C04F79EFBC}") = "Plugin.SystemCommands", "Else.Plugins.SystemCommands\Plugin.SystemCommands.csproj", "{6027C021-FBCE-4DB8-9A0C-9F00EF97CD07}"
EndProject
Project("{FAE04EC0-301F-11D3-BF4B-00C04F79EFBC}") = "Simulator", "Simulator\Simulator.csproj", "{E8F1A5F9-944A-42AA-AB4A-797FF703762D}"
EndProject
Project("{8BC9CEB8-8B4A-11D0-8D11-00A0C91BC942}") = "PluginHost.Python", "PluginHost.Python\PluginHost.Python.vcxproj", "{2674667A-6951-4FA4-8F45-B7923A987FB1}"
EndProject
Project("{FAE04EC0-301F-11D3-BF4B-00C04F79EFBC}") = "Plugin.GoogleSuggest", "Else.Plugins.GoogleSuggest\Plugin.GoogleSuggest.csproj", "{161DC0B4-2467-4A59-A5EB-619001F72146}"
EndProject
Global
	GlobalSection(SolutionConfigurationPlatforms) = preSolution
		Debug|Any CPU = Debug|Any CPU
		Debug|x64 = Debug|x64
		Debug|x86 = Debug|x86
		Release|Any CPU = Release|Any CPU
		Release|x64 = Release|x64
		Release|x86 = Release|x86
	EndGlobalSection
	GlobalSection(ProjectConfigurationPlatforms) = postSolution
		{F6E71369-0AC1-4921-BAE6-88BF451155BC}.Debug|Any CPU.ActiveCfg = Debug|Any CPU
		{F6E71369-0AC1-4921-BAE6-88BF451155BC}.Debug|Any CPU.Build.0 = Debug|Any CPU
		{F6E71369-0AC1-4921-BAE6-88BF451155BC}.Debug|x64.ActiveCfg = Debug|Any CPU
		{F6E71369-0AC1-4921-BAE6-88BF451155BC}.Debug|x64.Build.0 = Debug|Any CPU
		{F6E71369-0AC1-4921-BAE6-88BF451155BC}.Debug|x86.ActiveCfg = Debug|Any CPU
		{F6E71369-0AC1-4921-BAE6-88BF451155BC}.Debug|x86.Build.0 = Debug|Any CPU
		{F6E71369-0AC1-4921-BAE6-88BF451155BC}.Release|Any CPU.ActiveCfg = Release|Any CPU
		{F6E71369-0AC1-4921-BAE6-88BF451155BC}.Release|Any CPU.Build.0 = Release|Any CPU
		{F6E71369-0AC1-4921-BAE6-88BF451155BC}.Release|x64.ActiveCfg = Release|Any CPU
		{F6E71369-0AC1-4921-BAE6-88BF451155BC}.Release|x64.Build.0 = Release|Any CPU
		{F6E71369-0AC1-4921-BAE6-88BF451155BC}.Release|x86.ActiveCfg = Release|Any CPU
		{F6E71369-0AC1-4921-BAE6-88BF451155BC}.Release|x86.Build.0 = Release|Any CPU
		{76AB3B71-AA48-4F3B-8CF5-025972D95D44}.Debug|Any CPU.ActiveCfg = Debug|Any CPU
		{76AB3B71-AA48-4F3B-8CF5-025972D95D44}.Debug|Any CPU.Build.0 = Debug|Any CPU
		{76AB3B71-AA48-4F3B-8CF5-025972D95D44}.Debug|x64.ActiveCfg = Debug|Any CPU
		{76AB3B71-AA48-4F3B-8CF5-025972D95D44}.Debug|x64.Build.0 = Debug|Any CPU
		{76AB3B71-AA48-4F3B-8CF5-025972D95D44}.Debug|x86.ActiveCfg = Debug|Any CPU
		{76AB3B71-AA48-4F3B-8CF5-025972D95D44}.Debug|x86.Build.0 = Debug|Any CPU
		{76AB3B71-AA48-4F3B-8CF5-025972D95D44}.Release|Any CPU.ActiveCfg = Release|Any CPU
		{76AB3B71-AA48-4F3B-8CF5-025972D95D44}.Release|Any CPU.Build.0 = Release|Any CPU
		{76AB3B71-AA48-4F3B-8CF5-025972D95D44}.Release|x64.ActiveCfg = Release|Any CPU
		{76AB3B71-AA48-4F3B-8CF5-025972D95D44}.Release|x64.Build.0 = Release|Any CPU
		{76AB3B71-AA48-4F3B-8CF5-025972D95D44}.Release|x86.ActiveCfg = Release|Any CPU
		{76AB3B71-AA48-4F3B-8CF5-025972D95D44}.Release|x86.Build.0 = Release|Any CPU
		{2968A004-94CF-4224-B3AA-864EDD7274EE}.Debug|Any CPU.ActiveCfg = Debug|Any CPU
		{2968A004-94CF-4224-B3AA-864EDD7274EE}.Debug|Any CPU.Build.0 = Debug|Any CPU
		{2968A004-94CF-4224-B3AA-864EDD7274EE}.Debug|x64.ActiveCfg = Debug|Any CPU
		{2968A004-94CF-4224-B3AA-864EDD7274EE}.Debug|x64.Build.0 = Debug|Any CPU
		{2968A004-94CF-4224-B3AA-864EDD7274EE}.Debug|x86.ActiveCfg = Debug|Any CPU
		{2968A004-94CF-4224-B3AA-864EDD7274EE}.Debug|x86.Build.0 = Debug|Any CPU
		{2968A004-94CF-4224-B3AA-864EDD7274EE}.Release|Any CPU.ActiveCfg = Release|Any CPU
		{2968A004-94CF-4224-B3AA-864EDD7274EE}.Release|Any CPU.Build.0 = Release|Any CPU
		{2968A004-94CF-4224-B3AA-864EDD7274EE}.Release|x64.ActiveCfg = Release|Any CPU
		{2968A004-94CF-4224-B3AA-864EDD7274EE}.Release|x64.Build.0 = Release|Any CPU
		{2968A004-94CF-4224-B3AA-864EDD7274EE}.Release|x86.ActiveCfg = Release|Any CPU
		{2968A004-94CF-4224-B3AA-864EDD7274EE}.Release|x86.Build.0 = Release|Any CPU
		{C53D05D2-80FB-4946-A825-F106EFF1A442}.Debug|Any CPU.ActiveCfg = Debug|Any CPU
		{C53D05D2-80FB-4946-A825-F106EFF1A442}.Debug|Any CPU.Build.0 = Debug|Any CPU
		{C53D05D2-80FB-4946-A825-F106EFF1A442}.Debug|x64.ActiveCfg = Debug|Any CPU
		{C53D05D2-80FB-4946-A825-F106EFF1A442}.Debug|x64.Build.0 = Debug|Any CPU
		{C53D05D2-80FB-4946-A825-F106EFF1A442}.Debug|x86.ActiveCfg = Debug|Any CPU
		{C53D05D2-80FB-4946-A825-F106EFF1A442}.Debug|x86.Build.0 = Debug|Any CPU
		{C53D05D2-80FB-4946-A825-F106EFF1A442}.Release|Any CPU.ActiveCfg = Release|Any CPU
		{C53D05D2-80FB-4946-A825-F106EFF1A442}.Release|Any CPU.Build.0 = Release|Any CPU
		{C53D05D2-80FB-4946-A825-F106EFF1A442}.Release|x64.ActiveCfg = Release|Any CPU
		{C53D05D2-80FB-4946-A825-F106EFF1A442}.Release|x64.Build.0 = Release|Any CPU
		{C53D05D2-80FB-4946-A825-F106EFF1A442}.Release|x86.ActiveCfg = Release|Any CPU
		{C53D05D2-80FB-4946-A825-F106EFF1A442}.Release|x86.Build.0 = Release|Any CPU
		{B531151D-A1B9-48AD-B731-91E150D5DF71}.Debug|Any CPU.ActiveCfg = Debug|Any CPU
		{B531151D-A1B9-48AD-B731-91E150D5DF71}.Debug|Any CPU.Build.0 = Debug|Any CPU
		{B531151D-A1B9-48AD-B731-91E150D5DF71}.Debug|x64.ActiveCfg = Debug|Any CPU
		{B531151D-A1B9-48AD-B731-91E150D5DF71}.Debug|x64.Build.0 = Debug|Any CPU
		{B531151D-A1B9-48AD-B731-91E150D5DF71}.Debug|x86.ActiveCfg = Debug|Any CPU
		{B531151D-A1B9-48AD-B731-91E150D5DF71}.Debug|x86.Build.0 = Debug|Any CPU
		{B531151D-A1B9-48AD-B731-91E150D5DF71}.Release|Any CPU.ActiveCfg = Release|Any CPU
		{B531151D-A1B9-48AD-B731-91E150D5DF71}.Release|Any CPU.Build.0 = Release|Any CPU
		{B531151D-A1B9-48AD-B731-91E150D5DF71}.Release|x64.ActiveCfg = Release|Any CPU
		{B531151D-A1B9-48AD-B731-91E150D5DF71}.Release|x64.Build.0 = Release|Any CPU
		{B531151D-A1B9-48AD-B731-91E150D5DF71}.Release|x86.ActiveCfg = Release|Any CPU
		{B531151D-A1B9-48AD-B731-91E150D5DF71}.Release|x86.Build.0 = Release|Any CPU
		{D146CDCB-6E2B-4E2B-A0AF-437AAC661A53}.Debug|Any CPU.ActiveCfg = Debug|Any CPU
		{D146CDCB-6E2B-4E2B-A0AF-437AAC661A53}.Debug|Any CPU.Build.0 = Debug|Any CPU
		{D146CDCB-6E2B-4E2B-A0AF-437AAC661A53}.Debug|x64.ActiveCfg = Debug|Any CPU
		{D146CDCB-6E2B-4E2B-A0AF-437AAC661A53}.Debug|x64.Build.0 = Debug|Any CPU
		{D146CDCB-6E2B-4E2B-A0AF-437AAC661A53}.Debug|x86.ActiveCfg = Debug|Any CPU
		{D146CDCB-6E2B-4E2B-A0AF-437AAC661A53}.Debug|x86.Build.0 = Debug|Any CPU
		{D146CDCB-6E2B-4E2B-A0AF-437AAC661A53}.Release|Any CPU.ActiveCfg = Release|Any CPU
		{D146CDCB-6E2B-4E2B-A0AF-437AAC661A53}.Release|Any CPU.Build.0 = Release|Any CPU
		{D146CDCB-6E2B-4E2B-A0AF-437AAC661A53}.Release|x64.ActiveCfg = Release|Any CPU
		{D146CDCB-6E2B-4E2B-A0AF-437AAC661A53}.Release|x64.Build.0 = Release|Any CPU
		{D146CDCB-6E2B-4E2B-A0AF-437AAC661A53}.Release|x86.ActiveCfg = Release|Any CPU
		{D146CDCB-6E2B-4E2B-A0AF-437AAC661A53}.Release|x86.Build.0 = Release|Any CPU
		{6027C021-FBCE-4DB8-9A0C-9F00EF97CD07}.Debug|Any CPU.ActiveCfg = Debug|Any CPU
		{6027C021-FBCE-4DB8-9A0C-9F00EF97CD07}.Debug|Any CPU.Build.0 = Debug|Any CPU
		{6027C021-FBCE-4DB8-9A0C-9F00EF97CD07}.Debug|x64.ActiveCfg = Debug|Any CPU
		{6027C021-FBCE-4DB8-9A0C-9F00EF97CD07}.Debug|x64.Build.0 = Debug|Any CPU
		{6027C021-FBCE-4DB8-9A0C-9F00EF97CD07}.Debug|x86.ActiveCfg = Debug|Any CPU
		{6027C021-FBCE-4DB8-9A0C-9F00EF97CD07}.Debug|x86.Build.0 = Debug|Any CPU
		{6027C021-FBCE-4DB8-9A0C-9F00EF97CD07}.Release|Any CPU.ActiveCfg = Release|Any CPU
		{6027C021-FBCE-4DB8-9A0C-9F00EF97CD07}.Release|Any CPU.Build.0 = Release|Any CPU
		{6027C021-FBCE-4DB8-9A0C-9F00EF97CD07}.Release|x64.ActiveCfg = Release|Any CPU
		{6027C021-FBCE-4DB8-9A0C-9F00EF97CD07}.Release|x64.Build.0 = Release|Any CPU
		{6027C021-FBCE-4DB8-9A0C-9F00EF97CD07}.Release|x86.ActiveCfg = Release|Any CPU
		{6027C021-FBCE-4DB8-9A0C-9F00EF97CD07}.Release|x86.Build.0 = Release|Any CPU
		{E8F1A5F9-944A-42AA-AB4A-797FF703762D}.Debug|Any CPU.ActiveCfg = Debug|Any CPU
		{E8F1A5F9-944A-42AA-AB4A-797FF703762D}.Debug|Any CPU.Build.0 = Debug|Any CPU
		{E8F1A5F9-944A-42AA-AB4A-797FF703762D}.Debug|x64.ActiveCfg = Debug|Any CPU
		{E8F1A5F9-944A-42AA-AB4A-797FF703762D}.Debug|x64.Build.0 = Debug|Any CPU
		{E8F1A5F9-944A-42AA-AB4A-797FF703762D}.Debug|x86.ActiveCfg = Debug|Any CPU
		{E8F1A5F9-944A-42AA-AB4A-797FF703762D}.Debug|x86.Build.0 = Debug|Any CPU
		{E8F1A5F9-944A-42AA-AB4A-797FF703762D}.Release|Any CPU.ActiveCfg = Release|Any CPU
		{E8F1A5F9-944A-42AA-AB4A-797FF703762D}.Release|Any CPU.Build.0 = Release|Any CPU
		{E8F1A5F9-944A-42AA-AB4A-797FF703762D}.Release|x64.ActiveCfg = Release|Any CPU
		{E8F1A5F9-944A-42AA-AB4A-797FF703762D}.Release|x64.Build.0 = Release|Any CPU
		{E8F1A5F9-944A-42AA-AB4A-797FF703762D}.Release|x86.ActiveCfg = Release|Any CPU
		{E8F1A5F9-944A-42AA-AB4A-797FF703762D}.Release|x86.Build.0 = Release|Any CPU
		{2674667A-6951-4FA4-8F45-B7923A987FB1}.Debug|Any CPU.ActiveCfg = Debug|x64
		{2674667A-6951-4FA4-8F45-B7923A987FB1}.Debug|Any CPU.Build.0 = Debug|x64
		{2674667A-6951-4FA4-8F45-B7923A987FB1}.Debug|x64.ActiveCfg = Debug|x64
		{2674667A-6951-4FA4-8F45-B7923A987FB1}.Debug|x64.Build.0 = Debug|x64
		{2674667A-6951-4FA4-8F45-B7923A987FB1}.Debug|x86.ActiveCfg = Debug|x64
		{2674667A-6951-4FA4-8F45-B7923A987FB1}.Release|Any CPU.ActiveCfg = Release|x64
		{2674667A-6951-4FA4-8F45-B7923A987FB1}.Release|x64.ActiveCfg = Release|x64
		{2674667A-6951-4FA4-8F45-B7923A987FB1}.Release|x64.Build.0 = Release|x64
		{2674667A-6951-4FA4-8F45-B7923A987FB1}.Release|x86.ActiveCfg = Release|x64
		{161DC0B4-2467-4A59-A5EB-619001F72146}.Debug|Any CPU.ActiveCfg = Debug|Any CPU
		{161DC0B4-2467-4A59-A5EB-619001F72146}.Debug|Any CPU.Build.0 = Debug|Any CPU
		{161DC0B4-2467-4A59-A5EB-619001F72146}.Debug|x64.ActiveCfg = Debug|Any CPU
		{161DC0B4-2467-4A59-A5EB-619001F72146}.Debug|x64.Build.0 = Debug|Any CPU
		{161DC0B4-2467-4A59-A5EB-619001F72146}.Debug|x86.ActiveCfg = Debug|Any CPU
		{161DC0B4-2467-4A59-A5EB-619001F72146}.Debug|x86.Build.0 = Debug|Any CPU
		{161DC0B4-2467-4A59-A5EB-619001F72146}.Release|Any CPU.ActiveCfg = Release|Any CPU
		{161DC0B4-2467-4A59-A5EB-619001F72146}.Release|Any CPU.Build.0 = Release|Any CPU
		{161DC0B4-2467-4A59-A5EB-619001F72146}.Release|x64.ActiveCfg = Release|Any CPU
		{161DC0B4-2467-4A59-A5EB-619001F72146}.Release|x64.Build.0 = Release|Any CPU
		{161DC0B4-2467-4A59-A5EB-619001F72146}.Release|x86.ActiveCfg = Release|Any CPU
		{161DC0B4-2467-4A59-A5EB-619001F72146}.Release|x86.Build.0 = Release|Any CPU
	EndGlobalSection
	GlobalSection(SolutionProperties) = preSolution
		HideSolutionNode = FALSE
	EndGlobalSection
EndGlobal
